
Microsoft Visual Studio Solution File, Format Version 12.00
# Visual Studio Version 16
VisualStudioVersion = 16.0.32428.217
MinimumVisualStudioVersion = 10.0.40219.1
Project("{FAE04EC0-301F-11D3-BF4B-00C04F79EFBC}") = "CSharpo Discussion Boared", "CSharpo Discussion Boared\CSharpo Discussion Boared.csproj", "{3C6C14DC-45DE-4D7C-B0A9-97680C9185CE}"
EndProject
Global
	GlobalSection(SolutionConfigurationPlatforms) = preSolution
		Debug|Any CPU = Debug|Any CPU
		Release|Any CPU = Release|Any CPU
	EndGlobalSection
	GlobalSection(ProjectConfigurationPlatforms) = postSolution
		{3C6C14DC-45DE-4D7C-B0A9-97680C9185CE}.Debug|Any CPU.ActiveCfg = Debug|Any CPU
		{3C6C14DC-45DE-4D7C-B0A9-97680C9185CE}.Debug|Any CPU.Build.0 = Debug|Any CPU
		{3C6C14DC-45DE-4D7C-B0A9-97680C9185CE}.Release|Any CPU.ActiveCfg = Release|Any CPU
		{3C6C14DC-45DE-4D7C-B0A9-97680C9185CE}.Release|Any CPU.Build.0 = Release|Any CPU
	EndGlobalSection
	GlobalSection(SolutionProperties) = preSolution
		HideSolutionNode = FALSE
	EndGlobalSection
	GlobalSection(ExtensibilityGlobals) = postSolution
		SolutionGuid = {5507DFD6-9227-493F-BFB5-F6D5A911D1F1}
	EndGlobalSection
EndGlobal
