
Microsoft Visual Studio Solution File, Format Version 12.00
# Visual Studio Version 16
VisualStudioVersion = 16.0.32428.217
MinimumVisualStudioVersion = 10.0.40219.1
Project("{FAE04EC0-301F-11D3-BF4B-00C04F79EFBC}") = "class day one", "class day one\class day one.csproj", "{4357731C-C8CC-453A-8391-DFB119582CD2}"
EndProject
Global
	GlobalSection(SolutionConfigurationPlatforms) = preSolution
		Debug|Any CPU = Debug|Any CPU
		Release|Any CPU = Release|Any CPU
	EndGlobalSection
	GlobalSection(ProjectConfigurationPlatforms) = postSolution
		{4357731C-C8CC-453A-8391-DFB119582CD2}.Debug|Any CPU.ActiveCfg = Debug|Any CPU
		{4357731C-C8CC-453A-8391-DFB119582CD2}.Debug|Any CPU.Build.0 = Debug|Any CPU
		{4357731C-C8CC-453A-8391-DFB119582CD2}.Release|Any CPU.ActiveCfg = Release|Any CPU
		{4357731C-C8CC-453A-8391-DFB119582CD2}.Release|Any CPU.Build.0 = Release|Any CPU
	EndGlobalSection
	GlobalSection(SolutionProperties) = preSolution
		HideSolutionNode = FALSE
	EndGlobalSection
	GlobalSection(ExtensibilityGlobals) = postSolution
		SolutionGuid = {D939D0C6-AFF1-4EC4-BBBD-3A9B35CDF5D9}
	EndGlobalSection
EndGlobal
