
Microsoft Visual Studio Solution File, Format Version 12.00
# Visual Studio Version 16
VisualStudioVersion = 16.0.32428.217
MinimumVisualStudioVersion = 10.0.40219.1
Project("{FAE04EC0-301F-11D3-BF4B-00C04F79EFBC}") = "howwork2", "howwork2\howwork2.csproj", "{2C622923-A57B-4F7D-907D-D80BFCFD4A7B}"
EndProject
Global
	GlobalSection(SolutionConfigurationPlatforms) = preSolution
		Debug|Any CPU = Debug|Any CPU
		Release|Any CPU = Release|Any CPU
	EndGlobalSection
	GlobalSection(ProjectConfigurationPlatforms) = postSolution
		{2C622923-A57B-4F7D-907D-D80BFCFD4A7B}.Debug|Any CPU.ActiveCfg = Debug|Any CPU
		{2C622923-A57B-4F7D-907D-D80BFCFD4A7B}.Debug|Any CPU.Build.0 = Debug|Any CPU
		{2C622923-A57B-4F7D-907D-D80BFCFD4A7B}.Release|Any CPU.ActiveCfg = Release|Any CPU
		{2C622923-A57B-4F7D-907D-D80BFCFD4A7B}.Release|Any CPU.Build.0 = Release|Any CPU
	EndGlobalSection
	GlobalSection(SolutionProperties) = preSolution
		HideSolutionNode = FALSE
	EndGlobalSection
	GlobalSection(ExtensibilityGlobals) = postSolution
		SolutionGuid = {35E27130-7117-4CB8-8F71-35A05418F7C9}
	EndGlobalSection
EndGlobal
